
Microsoft Visual Studio Solution File, Format Version 12.00
# Visual Studio Version 17
VisualStudioVersion = 17.3.32901.215
MinimumVisualStudioVersion = 10.0.40219.1
Project("{2150E333-8FDC-42A3-9474-1A3956D46DE8}") = "Configuration", "Configuration", "{54723B3E-E67F-445B-88E3-0EB90E137022}"
	ProjectSection(SolutionItems) = preProject
		.env = .env
		docker-compose.yml = docker-compose.yml
		publishsettingswebsitedebug.targets = publishsettingswebsitedebug.targets
		README.md = README.md
	EndProjectSection
EndProject
Project("{2150E333-8FDC-42A3-9474-1A3956D46DE8}") = "Project", "Project", "{DDD21DAE-8F6F-44D9-9967-6591DABCA34F}"
EndProject
Project("{2150E333-8FDC-42A3-9474-1A3956D46DE8}") = "Feature", "Feature", "{91075464-E2A8-4AAE-951D-8DE4538CA04E}"
EndProject
Project("{2150E333-8FDC-42A3-9474-1A3956D46DE8}") = "Foundation", "Foundation", "{B6D6551E-58FD-4186-B86E-9AC7F2D05845}"
EndProject
Project("{FAE04EC0-301F-11D3-BF4B-00C04F79EFBC}") = "Practice.Project.Demo", "src\Project\Demo\website\Practice.Project.Demo.csproj", "{5596AE4A-AC1E-42DC-89C1-D9A2A38B3D2D}"
EndProject
Global
	GlobalSection(SolutionConfigurationPlatforms) = preSolution
		Debug|Any CPU = Debug|Any CPU
		Release|Any CPU = Release|Any CPU
	EndGlobalSection
	GlobalSection(ProjectConfigurationPlatforms) = postSolution
		{5596AE4A-AC1E-42DC-89C1-D9A2A38B3D2D}.Debug|Any CPU.ActiveCfg = Debug|Any CPU
		{5596AE4A-AC1E-42DC-89C1-D9A2A38B3D2D}.Debug|Any CPU.Build.0 = Debug|Any CPU
		{5596AE4A-AC1E-42DC-89C1-D9A2A38B3D2D}.Release|Any CPU.ActiveCfg = Release|Any CPU
		{5596AE4A-AC1E-42DC-89C1-D9A2A38B3D2D}.Release|Any CPU.Build.0 = Release|Any CPU
	EndGlobalSection
	GlobalSection(SolutionProperties) = preSolution
		HideSolutionNode = FALSE
	EndGlobalSection
	GlobalSection(NestedProjects) = preSolution
		{5596AE4A-AC1E-42DC-89C1-D9A2A38B3D2D} = {DDD21DAE-8F6F-44D9-9967-6591DABCA34F}
	EndGlobalSection
	GlobalSection(ExtensibilityGlobals) = postSolution
		SolutionGuid = {528B2096-FD54-48B8-8F06-467530779BB4}
	EndGlobalSection
EndGlobal
